
Microsoft Visual Studio Solution File, Format Version 12.00
# Visual Studio Version 17
VisualStudioVersion = 17.0.31903.59
MinimumVisualStudioVersion = 10.0.40219.1
Project("{FAE04EC0-301F-11D3-BF4B-00C04F79EFBC}") = "Fina.Api", "Fina.Api\Fina.Api.csproj", "{2FAB5BDF-5D29-4A2A-9407-AF7485E60040}"
EndProject
Project("{FAE04EC0-301F-11D3-BF4B-00C04F79EFBC}") = "Fina.Core", "Fina.Core\Fina.Core.csproj", "{2CA0B599-142B-43AE-A06E-579D8BFD5F24}"
EndProject
Project("{FAE04EC0-301F-11D3-BF4B-00C04F79EFBC}") = "Fina.Web", "Fina.Web\Fina.Web.csproj", "{932DF4E7-5E4C-40BE-B5F0-FE7652F06EBD}"
EndProject
Global
	GlobalSection(SolutionConfigurationPlatforms) = preSolution
		Debug|Any CPU = Debug|Any CPU
		Release|Any CPU = Release|Any CPU
	EndGlobalSection
	GlobalSection(SolutionProperties) = preSolution
		HideSolutionNode = FALSE
	EndGlobalSection
	GlobalSection(ProjectConfigurationPlatforms) = postSolution
		{2FAB5BDF-5D29-4A2A-9407-AF7485E60040}.Debug|Any CPU.ActiveCfg = Debug|Any CPU
		{2FAB5BDF-5D29-4A2A-9407-AF7485E60040}.Debug|Any CPU.Build.0 = Debug|Any CPU
		{2FAB5BDF-5D29-4A2A-9407-AF7485E60040}.Release|Any CPU.ActiveCfg = Release|Any CPU
		{2FAB5BDF-5D29-4A2A-9407-AF7485E60040}.Release|Any CPU.Build.0 = Release|Any CPU
		{2CA0B599-142B-43AE-A06E-579D8BFD5F24}.Debug|Any CPU.ActiveCfg = Debug|Any CPU
		{2CA0B599-142B-43AE-A06E-579D8BFD5F24}.Debug|Any CPU.Build.0 = Debug|Any CPU
		{2CA0B599-142B-43AE-A06E-579D8BFD5F24}.Release|Any CPU.ActiveCfg = Release|Any CPU
		{2CA0B599-142B-43AE-A06E-579D8BFD5F24}.Release|Any CPU.Build.0 = Release|Any CPU
		{932DF4E7-5E4C-40BE-B5F0-FE7652F06EBD}.Debug|Any CPU.ActiveCfg = Debug|Any CPU
		{932DF4E7-5E4C-40BE-B5F0-FE7652F06EBD}.Debug|Any CPU.Build.0 = Debug|Any CPU
		{932DF4E7-5E4C-40BE-B5F0-FE7652F06EBD}.Release|Any CPU.ActiveCfg = Release|Any CPU
		{932DF4E7-5E4C-40BE-B5F0-FE7652F06EBD}.Release|Any CPU.Build.0 = Release|Any CPU
	EndGlobalSection
EndGlobal
